// !$*UTF8*$!
{
	archiveVersion = 1;
	classes = {
	};
	objectVersion = 50;
	objects = {

/* Begin PBXBuildFile section */
		DDF0CFCC24F78FFE0097D4B4 /* AppDelegate.swift in Sources */ = {isa = PBXBuildFile; fileRef = DDF0CFCB24F78FFE0097D4B4 /* AppDelegate.swift */; };
		DDF0CFCE24F78FFE0097D4B4 /* SceneDelegate.swift in Sources */ = {isa = PBXBuildFile; fileRef = DDF0CFCD24F78FFE0097D4B4 /* SceneDelegate.swift */; };
		DDF0CFD024F78FFE0097D4B4 /* ViewController.swift in Sources */ = {isa = PBXBuildFile; fileRef = DDF0CFCF24F78FFE0097D4B4 /* ViewController.swift */; };
		DDF0CFD324F78FFE0097D4B4 /* Main.storyboard in Resources */ = {isa = PBXBuildFile; fileRef = DDF0CFD124F78FFE0097D4B4 /* Main.storyboard */; };
		DDF0CFD524F78FFF0097D4B4 /* Assets.xcassets in Resources */ = {isa = PBXBuildFile; fileRef = DDF0CFD424F78FFF0097D4B4 /* Assets.xcassets */; };
		DDF0CFD824F78FFF0097D4B4 /* LaunchScreen.storyboard in Resources */ = {isa = PBXBuildFile; fileRef = DDF0CFD624F78FFF0097D4B4 /* LaunchScreen.storyboard */; };
		DDF0CFE324F78FFF0097D4B4 /* Brenda_L_WebVideoPlayer_AppTests.swift in Sources */ = {isa = PBXBuildFile; fileRef = DDF0CFE224F78FFF0097D4B4 /* Brenda_L_WebVideoPlayer_AppTests.swift */; };
		DDF0CFEE24F78FFF0097D4B4 /* Brenda_L_WebVideoPlayer_AppUITests.swift in Sources */ = {isa = PBXBuildFile; fileRef = DDF0CFED24F78FFF0097D4B4 /* Brenda_L_WebVideoPlayer_AppUITests.swift */; };
/* End PBXBuildFile section */

/* Begin PBXContainerItemProxy section */
		DDF0CFDF24F78FFF0097D4B4 /* PBXContainerItemProxy */ = {
			isa = PBXContainerItemProxy;
			containerPortal = DDF0CFC024F78FFE0097D4B4 /* Project object */;
			proxyType = 1;
			remoteGlobalIDString = DDF0CFC724F78FFE0097D4B4;
			remoteInfo = Brenda_L_WebVideoPlayer_App;
		};
		DDF0CFEA24F78FFF0097D4B4 /* PBXContainerItemProxy */ = {
			isa = PBXContainerItemProxy;
			containerPortal = DDF0CFC024F78FFE0097D4B4 /* Project object */;
			proxyType = 1;
			remoteGlobalIDString = DDF0CFC724F78FFE0097D4B4;
			remoteInfo = Brenda_L_WebVideoPlayer_App;
		};
/* End PBXContainerItemProxy section */

/* Begin PBXFileReference section */
		DDF0CFC824F78FFE0097D4B4 /* Brenda_L_WebVideoPlayer_App.app */ = {isa = PBXFileReference; explicitFileType = wrapper.application; includeInIndex = 0; path = Brenda_L_WebVideoPlayer_App.app; sourceTree = BUILT_PRODUCTS_DIR; };
		DDF0CFCB24F78FFE0097D4B4 /* AppDelegate.swift */ = {isa = PBXFileReference; lastKnownFileType = sourcecode.swift; path = AppDelegate.swift; sourceTree = "<group>"; };
		DDF0CFCD24F78FFE0097D4B4 /* SceneDelegate.swift */ = {isa = PBXFileReference; lastKnownFileType = sourcecode.swift; path = SceneDelegate.swift; sourceTree = "<group>"; };
		DDF0CFCF24F78FFE0097D4B4 /* ViewController.swift */ = {isa = PBXFileReference; lastKnownFileType = sourcecode.swift; path = ViewController.swift; sourceTree = "<group>"; };
		DDF0CFD224F78FFE0097D4B4 /* Base */ = {isa = PBXFileReference; lastKnownFileType = file.storyboard; name = Base; path = Base.lproj/Main.storyboard; sourceTree = "<group>"; };
		DDF0CFD424F78FFF0097D4B4 /* Assets.xcassets */ = {isa = PBXFileReference; lastKnownFileType = folder.assetcatalog; path = Assets.xcassets; sourceTree = "<group>"; };
		DDF0CFD724F78FFF0097D4B4 /* Base */ = {isa = PBXFileReference; lastKnownFileType = file.storyboard; name = Base; path = Base.lproj/LaunchScreen.storyboard; sourceTree = "<group>"; };
		DDF0CFD924F78FFF0097D4B4 /* Info.plist */ = {isa = PBXFileReference; lastKnownFileType = text.plist.xml; path = Info.plist; sourceTree = "<group>"; };
		DDF0CFDE24F78FFF0097D4B4 /* Brenda_L_WebVideoPlayer_AppTests.xctest */ = {isa = PBXFileReference; explicitFileType = wrapper.cfbundle; includeInIndex = 0; path = Brenda_L_WebVideoPlayer_AppTests.xctest; sourceTree = BUILT_PRODUCTS_DIR; };
		DDF0CFE224F78FFF0097D4B4 /* Brenda_L_WebVideoPlayer_AppTests.swift */ = {isa = PBXFileReference; lastKnownFileType = sourcecode.swift; path = Brenda_L_WebVideoPlayer_AppTests.swift; sourceTree = "<group>"; };
		DDF0CFE424F78FFF0097D4B4 /* Info.plist */ = {isa = PBXFileReference; lastKnownFileType = text.plist.xml; path = Info.plist; sourceTree = "<group>"; };
		DDF0CFE924F78FFF0097D4B4 /* Brenda_L_WebVideoPlayer_AppUITests.xctest */ = {isa = PBXFileReference; explicitFileType = wrapper.cfbundle; includeInIndex = 0; path = Brenda_L_WebVideoPlayer_AppUITests.xctest; sourceTree = BUILT_PRODUCTS_DIR; };
		DDF0CFED24F78FFF0097D4B4 /* Brenda_L_WebVideoPlayer_AppUITests.swift */ = {isa = PBXFileReference; lastKnownFileType = sourcecode.swift; path = Brenda_L_WebVideoPlayer_AppUITests.swift; sourceTree = "<group>"; };
		DDF0CFEF24F78FFF0097D4B4 /* Info.plist */ = {isa = PBXFileReference; lastKnownFileType = text.plist.xml; path = Info.plist; sourceTree = "<group>"; };
/* End PBXFileReference section */

/* Begin PBXFrameworksBuildPhase section */
		DDF0CFC524F78FFE0097D4B4 /* Frameworks */ = {
			isa = PBXFrameworksBuildPhase;
			buildActionMask = 2147483647;
			files = (
			);
			runOnlyForDeploymentPostprocessing = 0;
		};
		DDF0CFDB24F78FFF0097D4B4 /* Frameworks */ = {
			isa = PBXFrameworksBuildPhase;
			buildActionMask = 2147483647;
			files = (
			);
			runOnlyForDeploymentPostprocessing = 0;
		};
		DDF0CFE624F78FFF0097D4B4 /* Frameworks */ = {
			isa = PBXFrameworksBuildPhase;
			buildActionMask = 2147483647;
			files = (
			);
			runOnlyForDeploymentPostprocessing = 0;
		};
/* End PBXFrameworksBuildPhase section */

/* Begin PBXGroup section */
		DDF0CFBF24F78FFE0097D4B4 = {
			isa = PBXGroup;
			children = (
				DDF0CFCA24F78FFE0097D4B4 /* Brenda_L_WebVideoPlayer_App */,
				DDF0CFE124F78FFF0097D4B4 /* Brenda_L_WebVideoPlayer_AppTests */,
				DDF0CFEC24F78FFF0097D4B4 /* Brenda_L_WebVideoPlayer_AppUITests */,
				DDF0CFC924F78FFE0097D4B4 /* Products */,
			);
			sourceTree = "<group>";
		};
		DDF0CFC924F78FFE0097D4B4 /* Products */ = {
			isa = PBXGroup;
			children = (
				DDF0CFC824F78FFE0097D4B4 /* Brenda_L_WebVideoPlayer_App.app */,
				DDF0CFDE24F78FFF0097D4B4 /* Brenda_L_WebVideoPlayer_AppTests.xctest */,
				DDF0CFE924F78FFF0097D4B4 /* Brenda_L_WebVideoPlayer_AppUITests.xctest */,
			);
			name = Products;
			sourceTree = "<group>";
		};
		DDF0CFCA24F78FFE0097D4B4 /* Brenda_L_WebVideoPlayer_App */ = {
			isa = PBXGroup;
			children = (
				DDF0CFCB24F78FFE0097D4B4 /* AppDelegate.swift */,
				DDF0CFCD24F78FFE0097D4B4 /* SceneDelegate.swift */,
				DDF0CFCF24F78FFE0097D4B4 /* ViewController.swift */,
				DDF0CFD124F78FFE0097D4B4 /* Main.storyboard */,
				DDF0CFD424F78FFF0097D4B4 /* Assets.xcassets */,
				DDF0CFD624F78FFF0097D4B4 /* LaunchScreen.storyboard */,
				DDF0CFD924F78FFF0097D4B4 /* Info.plist */,
			);
			path = Brenda_L_WebVideoPlayer_App;
			sourceTree = "<group>";
		};
		DDF0CFE124F78FFF0097D4B4 /* Brenda_L_WebVideoPlayer_AppTests */ = {
			isa = PBXGroup;
			children = (
				DDF0CFE224F78FFF0097D4B4 /* Brenda_L_WebVideoPlayer_AppTests.swift */,
				DDF0CFE424F78FFF0097D4B4 /* Info.plist */,
			);
			path = Brenda_L_WebVideoPlayer_AppTests;
			sourceTree = "<group>";
		};
		DDF0CFEC24F78FFF0097D4B4 /* Brenda_L_WebVideoPlayer_AppUITests */ = {
			isa = PBXGroup;
			children = (
				DDF0CFED24F78FFF0097D4B4 /* Brenda_L_WebVideoPlayer_AppUITests.swift */,
				DDF0CFEF24F78FFF0097D4B4 /* Info.plist */,
			);
			path = Brenda_L_WebVideoPlayer_AppUITests;
			sourceTree = "<group>";
		};
/* End PBXGroup section */

/* Begin PBXNativeTarget section */
		DDF0CFC724F78FFE0097D4B4 /* Brenda_L_WebVideoPlayer_App */ = {
			isa = PBXNativeTarget;
			buildConfigurationList = DDF0CFF224F78FFF0097D4B4 /* Build configuration list for PBXNativeTarget "Brenda_L_WebVideoPlayer_App" */;
			buildPhases = (
				DDF0CFC424F78FFE0097D4B4 /* Sources */,
				DDF0CFC524F78FFE0097D4B4 /* Frameworks */,
				DDF0CFC624F78FFE0097D4B4 /* Resources */,
			);
			buildRules = (
			);
			dependencies = (
			);
			name = Brenda_L_WebVideoPlayer_App;
			productName = Brenda_L_WebVideoPlayer_App;
			productReference = DDF0CFC824F78FFE0097D4B4 /* Brenda_L_WebVideoPlayer_App.app */;
			productType = "com.apple.product-type.application";
		};
		DDF0CFDD24F78FFF0097D4B4 /* Brenda_L_WebVideoPlayer_AppTests */ = {
			isa = PBXNativeTarget;
			buildConfigurationList = DDF0CFF524F78FFF0097D4B4 /* Build configuration list for PBXNativeTarget "Brenda_L_WebVideoPlayer_AppTests" */;
			buildPhases = (
				DDF0CFDA24F78FFF0097D4B4 /* Sources */,
				DDF0CFDB24F78FFF0097D4B4 /* Frameworks */,
				DDF0CFDC24F78FFF0097D4B4 /* Resources */,
			);
			buildRules = (
			);
			dependencies = (
				DDF0CFE024F78FFF0097D4B4 /* PBXTargetDependency */,
			);
			name = Brenda_L_WebVideoPlayer_AppTests;
			productName = Brenda_L_WebVideoPlayer_AppTests;
			productReference = DDF0CFDE24F78FFF0097D4B4 /* Brenda_L_WebVideoPlayer_AppTests.xctest */;
			productType = "com.apple.product-type.bundle.unit-test";
		};
		DDF0CFE824F78FFF0097D4B4 /* Brenda_L_WebVideoPlayer_AppUITests */ = {
			isa = PBXNativeTarget;
			buildConfigurationList = DDF0CFF824F78FFF0097D4B4 /* Build configuration list for PBXNativeTarget "Brenda_L_WebVideoPlayer_AppUITests" */;
			buildPhases = (
				DDF0CFE524F78FFF0097D4B4 /* Sources */,
				DDF0CFE624F78FFF0097D4B4 /* Frameworks */,
				DDF0CFE724F78FFF0097D4B4 /* Resources */,
			);
			buildRules = (
			);
			dependencies = (
				DDF0CFEB24F78FFF0097D4B4 /* PBXTargetDependency */,
			);
			name = Brenda_L_WebVideoPlayer_AppUITests;
			productName = Brenda_L_WebVideoPlayer_AppUITests;
			productReference = DDF0CFE924F78FFF0097D4B4 /* Brenda_L_WebVideoPlayer_AppUITests.xctest */;
			productType = "com.apple.product-type.bundle.ui-testing";
		};
/* End PBXNativeTarget section */

/* Begin PBXProject section */
		DDF0CFC024F78FFE0097D4B4 /* Project object */ = {
			isa = PBXProject;
			attributes = {
				LastSwiftUpdateCheck = 1130;
				LastUpgradeCheck = 1130;
				ORGANIZATIONNAME = "Brenda Leyva";
				TargetAttributes = {
					DDF0CFC724F78FFE0097D4B4 = {
						CreatedOnToolsVersion = 11.3.1;
					};
					DDF0CFDD24F78FFF0097D4B4 = {
						CreatedOnToolsVersion = 11.3.1;
						TestTargetID = DDF0CFC724F78FFE0097D4B4;
					};
					DDF0CFE824F78FFF0097D4B4 = {
						CreatedOnToolsVersion = 11.3.1;
						TestTargetID = DDF0CFC724F78FFE0097D4B4;
					};
				};
			};
			buildConfigurationList = DDF0CFC324F78FFE0097D4B4 /* Build configuration list for PBXProject "Brenda_L_WebVideoPlayer_App" */;
			compatibilityVersion = "Xcode 9.3";
			developmentRegion = en;
			hasScannedForEncodings = 0;
			knownRegions = (
				en,
				Base,
			);
			mainGroup = DDF0CFBF24F78FFE0097D4B4;
			productRefGroup = DDF0CFC924F78FFE0097D4B4 /* Products */;
			projectDirPath = "";
			projectRoot = "";
			targets = (
				DDF0CFC724F78FFE0097D4B4 /* Brenda_L_WebVideoPlayer_App */,
				DDF0CFDD24F78FFF0097D4B4 /* Brenda_L_WebVideoPlayer_AppTests */,
				DDF0CFE824F78FFF0097D4B4 /* Brenda_L_WebVideoPlayer_AppUITests */,
			);
		};
/* End PBXProject section */

/* Begin PBXResourcesBuildPhase section */
		DDF0CFC624F78FFE0097D4B4 /* Resources */ = {
			isa = PBXResourcesBuildPhase;
			buildActionMask = 2147483647;
			files = (
				DDF0CFD824F78FFF0097D4B4 /* LaunchScreen.storyboard in Resources */,
				DDF0CFD524F78FFF0097D4B4 /* Assets.xcassets in Resources */,
				DDF0CFD324F78FFE0097D4B4 /* Main.storyboard in Resources */,
			);
			runOnlyForDeploymentPostprocessing = 0;
		};
		DDF0CFDC24F78FFF0097D4B4 /* Resources */ = {
			isa = PBXResourcesBuildPhase;
			buildActionMask = 2147483647;
			files = (
			);
			runOnlyForDeploymentPostprocessing = 0;
		};
		DDF0CFE724F78FFF0097D4B4 /* Resources */ = {
			isa = PBXResourcesBuildPhase;
			buildActionMask = 2147483647;
			files = (
			);
			runOnlyForDeploymentPostprocessing = 0;
		};
/* End PBXResourcesBuildPhase section */

/* Begin PBXSourcesBuildPhase section */
		DDF0CFC424F78FFE0097D4B4 /* Sources */ = {
			isa = PBXSourcesBuildPhase;
			buildActionMask = 2147483647;
			files = (
				DDF0CFD024F78FFE0097D4B4 /* ViewController.swift in Sources */,
				DDF0CFCC24F78FFE0097D4B4 /* AppDelegate.swift in Sources */,
				DDF0CFCE24F78FFE0097D4B4 /* SceneDelegate.swift in Sources */,
			);
			runOnlyForDeploymentPostprocessing = 0;
		};
		DDF0CFDA24F78FFF0097D4B4 /* Sources */ = {
			isa = PBXSourcesBuildPhase;
			buildActionMask = 2147483647;
			files = (
				DDF0CFE324F78FFF0097D4B4 /* Brenda_L_WebVideoPlayer_AppTests.swift in Sources */,
			);
			runOnlyForDeploymentPostprocessing = 0;
		};
		DDF0CFE524F78FFF0097D4B4 /* Sources */ = {
			isa = PBXSourcesBuildPhase;
			buildActionMask = 2147483647;
			files = (
				DDF0CFEE24F78FFF0097D4B4 /* Brenda_L_WebVideoPlayer_AppUITests.swift in Sources */,
			);
			runOnlyForDeploymentPostprocessing = 0;
		};
/* End PBXSourcesBuildPhase section */

/* Begin PBXTargetDependency section */
		DDF0CFE024F78FFF0097D4B4 /* PBXTargetDependency */ = {
			isa = PBXTargetDependency;
			target = DDF0CFC724F78FFE0097D4B4 /* Brenda_L_WebVideoPlayer_App */;
			targetProxy = DDF0CFDF24F78FFF0097D4B4 /* PBXContainerItemProxy */;
		};
		DDF0CFEB24F78FFF0097D4B4 /* PBXTargetDependency */ = {
			isa = PBXTargetDependency;
			target = DDF0CFC724F78FFE0097D4B4 /* Brenda_L_WebVideoPlayer_App */;
			targetProxy = DDF0CFEA24F78FFF0097D4B4 /* PBXContainerItemProxy */;
		};
/* End PBXTargetDependency section */

/* Begin PBXVariantGroup section */
		DDF0CFD124F78FFE0097D4B4 /* Main.storyboard */ = {
			isa = PBXVariantGroup;
			children = (
				DDF0CFD224F78FFE0097D4B4 /* Base */,
			);
			name = Main.storyboard;
			sourceTree = "<group>";
		};
		DDF0CFD624F78FFF0097D4B4 /* LaunchScreen.storyboard */ = {
			isa = PBXVariantGroup;
			children = (
				DDF0CFD724F78FFF0097D4B4 /* Base */,
			);
			name = LaunchScreen.storyboard;
			sourceTree = "<group>";
		};
/* End PBXVariantGroup section */

/* Begin XCBuildConfiguration section */
		DDF0CFF024F78FFF0097D4B4 /* Debug */ = {
			isa = XCBuildConfiguration;
			buildSettings = {
				ALWAYS_SEARCH_USER_PATHS = NO;
				CLANG_ANALYZER_NONNULL = YES;
				CLANG_ANALYZER_NUMBER_OBJECT_CONVERSION = YES_AGGRESSIVE;
				CLANG_CXX_LANGUAGE_STANDARD = "gnu++14";
				CLANG_CXX_LIBRARY = "libc++";
				CLANG_ENABLE_MODULES = YES;
				CLANG_ENABLE_OBJC_ARC = YES;
				CLANG_ENABLE_OBJC_WEAK = YES;
				CLANG_WARN_BLOCK_CAPTURE_AUTORELEASING = YES;
				CLANG_WARN_BOOL_CONVERSION = YES;
				CLANG_WARN_COMMA = YES;
				CLANG_WARN_CONSTANT_CONVERSION = YES;
				CLANG_WARN_DEPRECATED_OBJC_IMPLEMENTATIONS = YES;
				CLANG_WARN_DIRECT_OBJC_ISA_USAGE = YES_ERROR;
				CLANG_WARN_DOCUMENTATION_COMMENTS = YES;
				CLANG_WARN_EMPTY_BODY = YES;
				CLANG_WARN_ENUM_CONVERSION = YES;
				CLANG_WARN_INFINITE_RECURSION = YES;
				CLANG_WARN_INT_CONVERSION = YES;
				CLANG_WARN_NON_LITERAL_NULL_CONVERSION = YES;
				CLANG_WARN_OBJC_IMPLICIT_RETAIN_SELF = YES;
				CLANG_WARN_OBJC_LITERAL_CONVERSION = YES;
				CLANG_WARN_OBJC_ROOT_CLASS = YES_ERROR;
				CLANG_WARN_RANGE_LOOP_ANALYSIS = YES;
				CLANG_WARN_STRICT_PROTOTYPES = YES;
				CLANG_WARN_SUSPICIOUS_MOVE = YES;
				CLANG_WARN_UNGUARDED_AVAILABILITY = YES_AGGRESSIVE;
				CLANG_WARN_UNREACHABLE_CODE = YES;
				CLANG_WARN__DUPLICATE_METHOD_MATCH = YES;
				COPY_PHASE_STRIP = NO;
				DEBUG_INFORMATION_FORMAT = dwarf;
				ENABLE_STRICT_OBJC_MSGSEND = YES;
				ENABLE_TESTABILITY = YES;
				GCC_C_LANGUAGE_STANDARD = gnu11;
				GCC_DYNAMIC_NO_PIC = NO;
				GCC_NO_COMMON_BLOCKS = YES;
				GCC_OPTIMIZATION_LEVEL = 0;
				GCC_PREPROCESSOR_DEFINITIONS = (
					"DEBUG=1",
					"$(inherited)",
				);
				GCC_WARN_64_TO_32_BIT_CONVERSION = YES;
				GCC_WARN_ABOUT_RETURN_TYPE = YES_ERROR;
				GCC_WARN_UNDECLARED_SELECTOR = YES;
				GCC_WARN_UNINITIALIZED_AUTOS = YES_AGGRESSIVE;
				GCC_WARN_UNUSED_FUNCTION = YES;
				GCC_WARN_UNUSED_VARIABLE = YES;
				IPHONEOS_DEPLOYMENT_TARGET = 13.2;
				MTL_ENABLE_DEBUG_INFO = INCLUDE_SOURCE;
				MTL_FAST_MATH = YES;
				ONLY_ACTIVE_ARCH = YES;
				SDKROOT = iphoneos;
				SWIFT_ACTIVE_COMPILATION_CONDITIONS = DEBUG;
				SWIFT_OPTIMIZATION_LEVEL = "-Onone";
			};
			name = Debug;
		};
		DDF0CFF124F78FFF0097D4B4 /* Release */ = {
			isa = XCBuildConfiguration;
			buildSettings = {
				ALWAYS_SEARCH_USER_PATHS = NO;
				CLANG_ANALYZER_NONNULL = YES;
				CLANG_ANALYZER_NUMBER_OBJECT_CONVERSION = YES_AGGRESSIVE;
				CLANG_CXX_LANGUAGE_STANDARD = "gnu++14";
				CLANG_CXX_LIBRARY = "libc++";
				CLANG_ENABLE_MODULES = YES;
				CLANG_ENABLE_OBJC_ARC = YES;
				CLANG_ENABLE_OBJC_WEAK = YES;
				CLANG_WARN_BLOCK_CAPTURE_AUTORELEASING = YES;
				CLANG_WARN_BOOL_CONVERSION = YES;
				CLANG_WARN_COMMA = YES;
				CLANG_WARN_CONSTANT_CONVERSION = YES;
				CLANG_WARN_DEPRECATED_OBJC_IMPLEMENTATIONS = YES;
				CLANG_WARN_DIRECT_OBJC_ISA_USAGE = YES_ERROR;
				CLANG_WARN_DOCUMENTATION_COMMENTS = YES;
				CLANG_WARN_EMPTY_BODY = YES;
				CLANG_WARN_ENUM_CONVERSION = YES;
				CLANG_WARN_INFINITE_RECURSION = YES;
				CLANG_WARN_INT_CONVERSION = YES;
				CLANG_WARN_NON_LITERAL_NULL_CONVERSION = YES;
				CLANG_WARN_OBJC_IMPLICIT_RETAIN_SELF = YES;
				CLANG_WARN_OBJC_LITERAL_CONVERSION = YES;
				CLANG_WARN_OBJC_ROOT_CLASS = YES_ERROR;
				CLANG_WARN_RANGE_LOOP_ANALYSIS = YES;
				CLANG_WARN_STRICT_PROTOTYPES = YES;
				CLANG_WARN_SUSPICIOUS_MOVE = YES;
				CLANG_WARN_UNGUARDED_AVAILABILITY = YES_AGGRESSIVE;
				CLANG_WARN_UNREACHABLE_CODE = YES;
				CLANG_WARN__DUPLICATE_METHOD_MATCH = YES;
				COPY_PHASE_STRIP = NO;
				DEBUG_INFORMATION_FORMAT = "dwarf-with-dsym";
				ENABLE_NS_ASSERTIONS = NO;
				ENABLE_STRICT_OBJC_MSGSEND = YES;
				GCC_C_LANGUAGE_STANDARD = gnu11;
				GCC_NO_COMMON_BLOCKS = YES;
				GCC_WARN_64_TO_32_BIT_CONVERSION = YES;
				GCC_WARN_ABOUT_RETURN_TYPE = YES_ERROR;
				GCC_WARN_UNDECLARED_SELECTOR = YES;
				GCC_WARN_UNINITIALIZED_AUTOS = YES_AGGRESSIVE;
				GCC_WARN_UNUSED_FUNCTION = YES;
				GCC_WARN_UNUSED_VARIABLE = YES;
				IPHONEOS_DEPLOYMENT_TARGET = 13.2;
				MTL_ENABLE_DEBUG_INFO = NO;
				MTL_FAST_MATH = YES;
				SDKROOT = iphoneos;
				SWIFT_COMPILATION_MODE = wholemodule;
				SWIFT_OPTIMIZATION_LEVEL = "-O";
				VALIDATE_PRODUCT = YES;
			};
			name = Release;
		};
		DDF0CFF324F78FFF0097D4B4 /* Debug */ = {
			isa = XCBuildConfiguration;
			buildSettings = {
				ASSETCATALOG_COMPILER_APPICON_NAME = AppIcon;
				CODE_SIGN_STYLE = Automatic;
				INFOPLIST_FILE = Brenda_L_WebVideoPlayer_App/Info.plist;
				LD_RUNPATH_SEARCH_PATHS = (
					"$(inherited)",
					"@executable_path/Frameworks",
				);
				PRODUCT_BUNDLE_IDENTIFIER = "brendis.Brenda-L-WebVideoPlayer-App";
				PRODUCT_NAME = "$(TARGET_NAME)";
				SWIFT_VERSION = 5.0;
				TARGETED_DEVICE_FAMILY = "1,2";
			};
			name = Debug;
		};
		DDF0CFF424F78FFF0097D4B4 /* Release */ = {
			isa = XCBuildConfiguration;
			buildSettings = {
				ASSETCATALOG_COMPILER_APPICON_NAME = AppIcon;
				CODE_SIGN_STYLE = Automatic;
				INFOPLIST_FILE = Brenda_L_WebVideoPlayer_App/Info.plist;
				LD_RUNPATH_SEARCH_PATHS = (
					"$(inherited)",
					"@executable_path/Frameworks",
				);
				PRODUCT_BUNDLE_IDENTIFIER = "brendis.Brenda-L-WebVideoPlayer-App";
				PRODUCT_NAME = "$(TARGET_NAME)";
				SWIFT_VERSION = 5.0;
				TARGETED_DEVICE_FAMILY = "1,2";
			};
			name = Release;
		};
		DDF0CFF624F78FFF0097D4B4 /* Debug */ = {
			isa = XCBuildConfiguration;
			buildSettings = {
				ALWAYS_EMBED_SWIFT_STANDARD_LIBRARIES = YES;
				BUNDLE_LOADER = "$(TEST_HOST)";
				CODE_SIGN_STYLE = Automatic;
				INFOPLIST_FILE = Brenda_L_WebVideoPlayer_AppTests/Info.plist;
				IPHONEOS_DEPLOYMENT_TARGET = 13.2;
				LD_RUNPATH_SEARCH_PATHS = (
					"$(inherited)",
					"@executable_path/Frameworks",
					"@loader_path/Frameworks",
				);
				PRODUCT_BUNDLE_IDENTIFIER = "brendis.Brenda-L-WebVideoPlayer-AppTests";
				PRODUCT_NAME = "$(TARGET_NAME)";
				SWIFT_VERSION = 5.0;
				TARGETED_DEVICE_FAMILY = "1,2";
				TEST_HOST = "$(BUILT_PRODUCTS_DIR)/Brenda_L_WebVideoPlayer_App.app/Brenda_L_WebVideoPlayer_App";
			};
			name = Debug;
		};
		DDF0CFF724F78FFF0097D4B4 /* Release */ = {
			isa = XCBuildConfiguration;
			buildSettings = {
				ALWAYS_EMBED_SWIFT_STANDARD_LIBRARIES = YES;
				BUNDLE_LOADER = "$(TEST_HOST)";
				CODE_SIGN_STYLE = Automatic;
				INFOPLIST_FILE = Brenda_L_WebVideoPlayer_AppTests/Info.plist;
				IPHONEOS_DEPLOYMENT_TARGET = 13.2;
				LD_RUNPATH_SEARCH_PATHS = (
					"$(inherited)",
					"@executable_path/Frameworks",
					"@loader_path/Frameworks",
				);
				PRODUCT_BUNDLE_IDENTIFIER = "brendis.Brenda-L-WebVideoPlayer-AppTests";
				PRODUCT_NAME = "$(TARGET_NAME)";
				SWIFT_VERSION = 5.0;
				TARGETED_DEVICE_FAMILY = "1,2";
				TEST_HOST = "$(BUILT_PRODUCTS_DIR)/Brenda_L_WebVideoPlayer_App.app/Brenda_L_WebVideoPlayer_App";
			};
			name = Release;
		};
		DDF0CFF924F78FFF0097D4B4 /* Debug */ = {
			isa = XCBuildConfiguration;
			buildSettings = {
				ALWAYS_EMBED_SWIFT_STANDARD_LIBRARIES = YES;
				CODE_SIGN_STYLE = Automatic;
				INFOPLIST_FILE = Brenda_L_WebVideoPlayer_AppUITests/Info.plist;
				LD_RUNPATH_SEARCH_PATHS = (
					"$(inherited)",
					"@executable_path/Frameworks",
					"@loader_path/Frameworks",
				);
				PRODUCT_BUNDLE_IDENTIFIER = "brendis.Brenda-L-WebVideoPlayer-AppUITests";
				PRODUCT_NAME = "$(TARGET_NAME)";
				SWIFT_VERSION = 5.0;
				TARGETED_DEVICE_FAMILY = "1,2";
				TEST_TARGET_NAME = Brenda_L_WebVideoPlayer_App;
			};
			name = Debug;
		};
		DDF0CFFA24F78FFF0097D4B4 /* Release */ = {
			isa = XCBuildConfiguration;
			buildSettings = {
				ALWAYS_EMBED_SWIFT_STANDARD_LIBRARIES = YES;
				CODE_SIGN_STYLE = Automatic;
				INFOPLIST_FILE = Brenda_L_WebVideoPlayer_AppUITests/Info.plist;
				LD_RUNPATH_SEARCH_PATHS = (
					"$(inherited)",
					"@executable_path/Frameworks",
					"@loader_path/Frameworks",
				);
				PRODUCT_BUNDLE_IDENTIFIER = "brendis.Brenda-L-WebVideoPlayer-AppUITests";
				PRODUCT_NAME = "$(TARGET_NAME)";
				SWIFT_VERSION = 5.0;
				TARGETED_DEVICE_FAMILY = "1,2";
				TEST_TARGET_NAME = Brenda_L_WebVideoPlayer_App;
			};
			name = Release;
		};
/* End XCBuildConfiguration section */

/* Begin XCConfigurationList section */
		DDF0CFC324F78FFE0097D4B4 /* Build configuration list for PBXProject "Brenda_L_WebVideoPlayer_App" */ = {
			isa = XCConfigurationList;
			buildConfigurations = (
				DDF0CFF024F78FFF0097D4B4 /* Debug */,
				DDF0CFF124F78FFF0097D4B4 /* Release */,
			);
			defaultConfigurationIsVisible = 0;
			defaultConfigurationName = Release;
		};
		DDF0CFF224F78FFF0097D4B4 /* Build configuration list for PBXNativeTarget "Brenda_L_WebVideoPlayer_App" */ = {
			isa = XCConfigurationList;
			buildConfigurations = (
				DDF0CFF324F78FFF0097D4B4 /* Debug */,
				DDF0CFF424F78FFF0097D4B4 /* Release */,
			);
			defaultConfigurationIsVisible = 0;
			defaultConfigurationName = Release;
		};
		DDF0CFF524F78FFF0097D4B4 /* Build configuration list for PBXNativeTarget "Brenda_L_WebVideoPlayer_AppTests" */ = {
			isa = XCConfigurationList;
			buildConfigurations = (
				DDF0CFF624F78FFF0097D4B4 /* Debug */,
				DDF0CFF724F78FFF0097D4B4 /* Release */,
			);
			defaultConfigurationIsVisible = 0;
			defaultConfigurationName = Release;
		};
		DDF0CFF824F78FFF0097D4B4 /* Build configuration list for PBXNativeTarget "Brenda_L_WebVideoPlayer_AppUITests" */ = {
			isa = XCConfigurationList;
			buildConfigurations = (
				DDF0CFF924F78FFF0097D4B4 /* Debug */,
				DDF0CFFA24F78FFF0097D4B4 /* Release */,
			);
			defaultConfigurationIsVisible = 0;
			defaultConfigurationName = Release;
		};
/* End XCConfigurationList section */
	};
	rootObject = DDF0CFC024F78FFE0097D4B4 /* Project object */;
}
